// !$*UTF8*$!
{
	archiveVersion = 1;
	classes = {
	};
	objectVersion = 48;
	objects = {

/* Begin PBXBuildFile section */
		CE396ABD205A00B400E4E46A /* AppDelegate.m in Sources */ = {isa = PBXBuildFile; fileRef = CE396ABC205A00B400E4E46A /* AppDelegate.m */; };
		CE396AC0205A00B400E4E46A /* ViewController.m in Sources */ = {isa = PBXBuildFile; fileRef = CE396ABF205A00B400E4E46A /* ViewController.m */; };
		CE396AC3205A00B400E4E46A /* Main.storyboard in Resources */ = {isa = PBXBuildFile; fileRef = CE396AC1205A00B400E4E46A /* Main.storyboard */; };
		CE396AC5205A00B400E4E46A /* Assets.xcassets in Resources */ = {isa = PBXBuildFile; fileRef = CE396AC4205A00B400E4E46A /* Assets.xcassets */; };
		CE396AC8205A00B400E4E46A /* LaunchScreen.storyboard in Resources */ = {isa = PBXBuildFile; fileRef = CE396AC6205A00B400E4E46A /* LaunchScreen.storyboard */; };
		CE396ACB205A00B400E4E46A /* main.m in Sources */ = {isa = PBXBuildFile; fileRef = CE396ACA205A00B400E4E46A /* main.m */; };
		CE396AD3205A01D400E4E46A /* YWVialdateTextField.m in Sources */ = {isa = PBXBuildFile; fileRef = CE396AD2205A01D400E4E46A /* YWVialdateTextField.m */; };
		CE396AD6205A02BD00E4E46A /* InputValidate.m in Sources */ = {isa = PBXBuildFile; fileRef = CE396AD5205A02BD00E4E46A /* InputValidate.m */; };
		CE396AD9205A032E00E4E46A /* LatterValidate.m in Sources */ = {isa = PBXBuildFile; fileRef = CE396AD8205A032E00E4E46A /* LatterValidate.m */; };
		CE396ADC205A033D00E4E46A /* NumberValidate.m in Sources */ = {isa = PBXBuildFile; fileRef = CE396ADB205A033D00E4E46A /* NumberValidate.m */; };
/* End PBXBuildFile section */

/* Begin PBXFileReference section */
		CE396AB8205A00B400E4E46A /* 策略模式demo.app */ = {isa = PBXFileReference; explicitFileType = wrapper.application; includeInIndex = 0; path = "策略模式demo.app"; sourceTree = BUILT_PRODUCTS_DIR; };
		CE396ABB205A00B400E4E46A /* AppDelegate.h */ = {isa = PBXFileReference; lastKnownFileType = sourcecode.c.h; path = AppDelegate.h; sourceTree = "<group>"; };
		CE396ABC205A00B400E4E46A /* AppDelegate.m */ = {isa = PBXFileReference; lastKnownFileType = sourcecode.c.objc; path = AppDelegate.m; sourceTree = "<group>"; };
		CE396ABE205A00B400E4E46A /* ViewController.h */ = {isa = PBXFileReference; lastKnownFileType = sourcecode.c.h; path = ViewController.h; sourceTree = "<group>"; };
		CE396ABF205A00B400E4E46A /* ViewController.m */ = {isa = PBXFileReference; lastKnownFileType = sourcecode.c.objc; path = ViewController.m; sourceTree = "<group>"; };
		CE396AC2205A00B400E4E46A /* Base */ = {isa = PBXFileReference; lastKnownFileType = file.storyboard; name = Base; path = Base.lproj/Main.storyboard; sourceTree = "<group>"; };
		CE396AC4205A00B400E4E46A /* Assets.xcassets */ = {isa = PBXFileReference; lastKnownFileType = folder.assetcatalog; path = Assets.xcassets; sourceTree = "<group>"; };
		CE396AC7205A00B400E4E46A /* Base */ = {isa = PBXFileReference; lastKnownFileType = file.storyboard; name = Base; path = Base.lproj/LaunchScreen.storyboard; sourceTree = "<group>"; };
		CE396AC9205A00B400E4E46A /* Info.plist */ = {isa = PBXFileReference; lastKnownFileType = text.plist.xml; path = Info.plist; sourceTree = "<group>"; };
		CE396ACA205A00B400E4E46A /* main.m */ = {isa = PBXFileReference; lastKnownFileType = sourcecode.c.objc; path = main.m; sourceTree = "<group>"; };
		CE396AD1205A01D400E4E46A /* YWVialdateTextField.h */ = {isa = PBXFileReference; lastKnownFileType = sourcecode.c.h; path = YWVialdateTextField.h; sourceTree = "<group>"; };
		CE396AD2205A01D400E4E46A /* YWVialdateTextField.m */ = {isa = PBXFileReference; lastKnownFileType = sourcecode.c.objc; path = YWVialdateTextField.m; sourceTree = "<group>"; };
		CE396AD4205A02BD00E4E46A /* InputValidate.h */ = {isa = PBXFileReference; lastKnownFileType = sourcecode.c.h; path = InputValidate.h; sourceTree = "<group>"; };
		CE396AD5205A02BD00E4E46A /* InputValidate.m */ = {isa = PBXFileReference; lastKnownFileType = sourcecode.c.objc; path = InputValidate.m; sourceTree = "<group>"; };
		CE396AD7205A032E00E4E46A /* LatterValidate.h */ = {isa = PBXFileReference; lastKnownFileType = sourcecode.c.h; path = LatterValidate.h; sourceTree = "<group>"; };
		CE396AD8205A032E00E4E46A /* LatterValidate.m */ = {isa = PBXFileReference; lastKnownFileType = sourcecode.c.objc; path = LatterValidate.m; sourceTree = "<group>"; };
		CE396ADA205A033D00E4E46A /* NumberValidate.h */ = {isa = PBXFileReference; lastKnownFileType = sourcecode.c.h; path = NumberValidate.h; sourceTree = "<group>"; };
		CE396ADB205A033D00E4E46A /* NumberValidate.m */ = {isa = PBXFileReference; lastKnownFileType = sourcecode.c.objc; path = NumberValidate.m; sourceTree = "<group>"; };
/* End PBXFileReference section */

/* Begin PBXFrameworksBuildPhase section */
		CE396AB5205A00B400E4E46A /* Frameworks */ = {
			isa = PBXFrameworksBuildPhase;
			buildActionMask = 2147483647;
			files = (
			);
			runOnlyForDeploymentPostprocessing = 0;
		};
/* End PBXFrameworksBuildPhase section */

/* Begin PBXGroup section */
		CE396AAF205A00B300E4E46A = {
			isa = PBXGroup;
			children = (
				CE396ABA205A00B400E4E46A /* 策略模式demo */,
				CE396AB9205A00B400E4E46A /* Products */,
			);
			sourceTree = "<group>";
		};
		CE396AB9205A00B400E4E46A /* Products */ = {
			isa = PBXGroup;
			children = (
				CE396AB8205A00B400E4E46A /* 策略模式demo.app */,
			);
			name = Products;
			sourceTree = "<group>";
		};
		CE396ABA205A00B400E4E46A /* 策略模式demo */ = {
			isa = PBXGroup;
			children = (
				CE396ABB205A00B400E4E46A /* AppDelegate.h */,
				CE396ABC205A00B400E4E46A /* AppDelegate.m */,
				CE396ABE205A00B400E4E46A /* ViewController.h */,
				CE396ABF205A00B400E4E46A /* ViewController.m */,
				CE396AC1205A00B400E4E46A /* Main.storyboard */,
				CE396AD1205A01D400E4E46A /* YWVialdateTextField.h */,
				CE396AD2205A01D400E4E46A /* YWVialdateTextField.m */,
				CE396AD4205A02BD00E4E46A /* InputValidate.h */,
				CE396AD5205A02BD00E4E46A /* InputValidate.m */,
				CE396AD7205A032E00E4E46A /* LatterValidate.h */,
				CE396AD8205A032E00E4E46A /* LatterValidate.m */,
				CE396ADA205A033D00E4E46A /* NumberValidate.h */,
				CE396ADB205A033D00E4E46A /* NumberValidate.m */,
				CE396AC4205A00B400E4E46A /* Assets.xcassets */,
				CE396AC6205A00B400E4E46A /* LaunchScreen.storyboard */,
				CE396AC9205A00B400E4E46A /* Info.plist */,
				CE396ACA205A00B400E4E46A /* main.m */,
			);
			path = "策略模式demo";
			sourceTree = "<group>";
		};
/* End PBXGroup section */

/* Begin PBXNativeTarget section */
		CE396AB7205A00B400E4E46A /* 策略模式demo */ = {
			isa = PBXNativeTarget;
			buildConfigurationList = CE396ACE205A00B400E4E46A /* Build configuration list for PBXNativeTarget "策略模式demo" */;
			buildPhases = (
				CE396AB4205A00B400E4E46A /* Sources */,
				CE396AB5205A00B400E4E46A /* Frameworks */,
				CE396AB6205A00B400E4E46A /* Resources */,
			);
			buildRules = (
			);
			dependencies = (
			);
			name = "策略模式demo";
			productName = "策略模式demo";
			productReference = CE396AB8205A00B400E4E46A /* 策略模式demo.app */;
			productType = "com.apple.product-type.application";
		};
/* End PBXNativeTarget section */

/* Begin PBXProject section */
		CE396AB0205A00B300E4E46A /* Project object */ = {
			isa = PBXProject;
			attributes = {
				LastUpgradeCheck = 0920;
				ORGANIZATIONNAME = "闫跃文";
				TargetAttributes = {
					CE396AB7205A00B400E4E46A = {
						CreatedOnToolsVersion = 9.2;
						ProvisioningStyle = Automatic;
					};
				};
			};
			buildConfigurationList = CE396AB3205A00B300E4E46A /* Build configuration list for PBXProject "策略模式demo" */;
			compatibilityVersion = "Xcode 8.0";
			developmentRegion = en;
			hasScannedForEncodings = 0;
			knownRegions = (
				en,
				Base,
			);
			mainGroup = CE396AAF205A00B300E4E46A;
			productRefGroup = CE396AB9205A00B400E4E46A /* Products */;
			projectDirPath = "";
			projectRoot = "";
			targets = (
				CE396AB7205A00B400E4E46A /* 策略模式demo */,
			);
		};
/* End PBXProject section */

/* Begin PBXResourcesBuildPhase section */
		CE396AB6205A00B400E4E46A /* Resources */ = {
			isa = PBXResourcesBuildPhase;
			buildActionMask = 2147483647;
			files = (
				CE396AC8205A00B400E4E46A /* LaunchScreen.storyboard in Resources */,
				CE396AC5205A00B400E4E46A /* Assets.xcassets in Resources */,
				CE396AC3205A00B400E4E46A /* Main.storyboard in Resources */,
			);
			runOnlyForDeploymentPostprocessing = 0;
		};
/* End PBXResourcesBuildPhase section */

/* Begin PBXSourcesBuildPhase section */
		CE396AB4205A00B400E4E46A /* Sources */ = {
			isa = PBXSourcesBuildPhase;
			buildActionMask = 2147483647;
			files = (
				CE396AC0205A00B400E4E46A /* ViewController.m in Sources */,
				CE396ACB205A00B400E4E46A /* main.m in Sources */,
				CE396ABD205A00B400E4E46A /* AppDelegate.m in Sources */,
				CE396ADC205A033D00E4E46A /* NumberValidate.m in Sources */,
				CE396AD9205A032E00E4E46A /* LatterValidate.m in Sources */,
				CE396AD3205A01D400E4E46A /* YWVialdateTextField.m in Sources */,
				CE396AD6205A02BD00E4E46A /* InputValidate.m in Sources */,
			);
			runOnlyForDeploymentPostprocessing = 0;
		};
/* End PBXSourcesBuildPhase section */

/* Begin PBXVariantGroup section */
		CE396AC1205A00B400E4E46A /* Main.storyboard */ = {
			isa = PBXVariantGroup;
			children = (
				CE396AC2205A00B400E4E46A /* Base */,
			);
			name = Main.storyboard;
			sourceTree = "<group>";
		};
		CE396AC6205A00B400E4E46A /* LaunchScreen.storyboard */ = {
			isa = PBXVariantGroup;
			children = (
				CE396AC7205A00B400E4E46A /* Base */,
			);
			name = LaunchScreen.storyboard;
			sourceTree = "<group>";
		};
/* End PBXVariantGroup section */

/* Begin XCBuildConfiguration section */
		CE396ACC205A00B400E4E46A /* Debug */ = {
			isa = XCBuildConfiguration;
			buildSettings = {
				ALWAYS_SEARCH_USER_PATHS = NO;
				CLANG_ANALYZER_NONNULL = YES;
				CLANG_ANALYZER_NUMBER_OBJECT_CONVERSION = YES_AGGRESSIVE;
				CLANG_CXX_LANGUAGE_STANDARD = "gnu++14";
				CLANG_CXX_LIBRARY = "libc++";
				CLANG_ENABLE_MODULES = YES;
				CLANG_ENABLE_OBJC_ARC = YES;
				CLANG_WARN_BLOCK_CAPTURE_AUTORELEASING = YES;
				CLANG_WARN_BOOL_CONVERSION = YES;
				CLANG_WARN_COMMA = YES;
				CLANG_WARN_CONSTANT_CONVERSION = YES;
				CLANG_WARN_DIRECT_OBJC_ISA_USAGE = YES_ERROR;
				CLANG_WARN_DOCUMENTATION_COMMENTS = YES;
				CLANG_WARN_EMPTY_BODY = YES;
				CLANG_WARN_ENUM_CONVERSION = YES;
				CLANG_WARN_INFINITE_RECURSION = YES;
				CLANG_WARN_INT_CONVERSION = YES;
				CLANG_WARN_NON_LITERAL_NULL_CONVERSION = YES;
				CLANG_WARN_OBJC_LITERAL_CONVERSION = YES;
				CLANG_WARN_OBJC_ROOT_CLASS = YES_ERROR;
				CLANG_WARN_RANGE_LOOP_ANALYSIS = YES;
				CLANG_WARN_STRICT_PROTOTYPES = YES;
				CLANG_WARN_SUSPICIOUS_MOVE = YES;
				CLANG_WARN_UNGUARDED_AVAILABILITY = YES_AGGRESSIVE;
				CLANG_WARN_UNREACHABLE_CODE = YES;
				CLANG_WARN__DUPLICATE_METHOD_MATCH = YES;
				CODE_SIGN_IDENTITY = "iPhone Developer";
				COPY_PHASE_STRIP = NO;
				DEBUG_INFORMATION_FORMAT = dwarf;
				ENABLE_STRICT_OBJC_MSGSEND = YES;
				ENABLE_TESTABILITY = YES;
				GCC_C_LANGUAGE_STANDARD = gnu11;
				GCC_DYNAMIC_NO_PIC = NO;
				GCC_NO_COMMON_BLOCKS = YES;
				GCC_OPTIMIZATION_LEVEL = 0;
				GCC_PREPROCESSOR_DEFINITIONS = (
					"DEBUG=1",
					"$(inherited)",
				);
				GCC_WARN_64_TO_32_BIT_CONVERSION = YES;
				GCC_WARN_ABOUT_RETURN_TYPE = YES_ERROR;
				GCC_WARN_UNDECLARED_SELECTOR = YES;
				GCC_WARN_UNINITIALIZED_AUTOS = YES_AGGRESSIVE;
				GCC_WARN_UNUSED_FUNCTION = YES;
				GCC_WARN_UNUSED_VARIABLE = YES;
				IPHONEOS_DEPLOYMENT_TARGET = 11.2;
				MTL_ENABLE_DEBUG_INFO = YES;
				ONLY_ACTIVE_ARCH = YES;
				SDKROOT = iphoneos;
			};
			name = Debug;
		};
		CE396ACD205A00B400E4E46A /* Release */ = {
			isa = XCBuildConfiguration;
			buildSettings = {
				ALWAYS_SEARCH_USER_PATHS = NO;
				CLANG_ANALYZER_NONNULL = YES;
				CLANG_ANALYZER_NUMBER_OBJECT_CONVERSION = YES_AGGRESSIVE;
				CLANG_CXX_LANGUAGE_STANDARD = "gnu++14";
				CLANG_CXX_LIBRARY = "libc++";
				CLANG_ENABLE_MODULES = YES;
				CLANG_ENABLE_OBJC_ARC = YES;
				CLANG_WARN_BLOCK_CAPTURE_AUTORELEASING = YES;
				CLANG_WARN_BOOL_CONVERSION = YES;
				CLANG_WARN_COMMA = YES;
				CLANG_WARN_CONSTANT_CONVERSION = YES;
				CLANG_WARN_DIRECT_OBJC_ISA_USAGE = YES_ERROR;
				CLANG_WARN_DOCUMENTATION_COMMENTS = YES;
				CLANG_WARN_EMPTY_BODY = YES;
				CLANG_WARN_ENUM_CONVERSION = YES;
				CLANG_WARN_INFINITE_RECURSION = YES;
				CLANG_WARN_INT_CONVERSION = YES;
				CLANG_WARN_NON_LITERAL_NULL_CONVERSION = YES;
				CLANG_WARN_OBJC_LITERAL_CONVERSION = YES;
				CLANG_WARN_OBJC_ROOT_CLASS = YES_ERROR;
				CLANG_WARN_RANGE_LOOP_ANALYSIS = YES;
				CLANG_WARN_STRICT_PROTOTYPES = YES;
				CLANG_WARN_SUSPICIOUS_MOVE = YES;
				CLANG_WARN_UNGUARDED_AVAILABILITY = YES_AGGRESSIVE;
				CLANG_WARN_UNREACHABLE_CODE = YES;
				CLANG_WARN__DUPLICATE_METHOD_MATCH = YES;
				CODE_SIGN_IDENTITY = "iPhone Developer";
				COPY_PHASE_STRIP = NO;
				DEBUG_INFORMATION_FORMAT = "dwarf-with-dsym";
				ENABLE_NS_ASSERTIONS = NO;
				ENABLE_STRICT_OBJC_MSGSEND = YES;
				GCC_C_LANGUAGE_STANDARD = gnu11;
				GCC_NO_COMMON_BLOCKS = YES;
				GCC_WARN_64_TO_32_BIT_CONVERSION = YES;
				GCC_WARN_ABOUT_RETURN_TYPE = YES_ERROR;
				GCC_WARN_UNDECLARED_SELECTOR = YES;
				GCC_WARN_UNINITIALIZED_AUTOS = YES_AGGRESSIVE;
				GCC_WARN_UNUSED_FUNCTION = YES;
				GCC_WARN_UNUSED_VARIABLE = YES;
				IPHONEOS_DEPLOYMENT_TARGET = 11.2;
				MTL_ENABLE_DEBUG_INFO = NO;
				SDKROOT = iphoneos;
				VALIDATE_PRODUCT = YES;
			};
			name = Release;
		};
		CE396ACF205A00B400E4E46A /* Debug */ = {
			isa = XCBuildConfiguration;
			buildSettings = {
				ASSETCATALOG_COMPILER_APPICON_NAME = AppIcon;
				CODE_SIGN_STYLE = Automatic;
				DEVELOPMENT_TEAM = HR33Y5AX25;
				INFOPLIST_FILE = "策略模式demo/Info.plist";
				LD_RUNPATH_SEARCH_PATHS = "$(inherited) @executable_path/Frameworks";
				PRODUCT_BUNDLE_IDENTIFIER = "yyw.----demo";
				PRODUCT_NAME = "$(TARGET_NAME)";
				TARGETED_DEVICE_FAMILY = "1,2";
			};
			name = Debug;
		};
		CE396AD0205A00B400E4E46A /* Release */ = {
			isa = XCBuildConfiguration;
			buildSettings = {
				ASSETCATALOG_COMPILER_APPICON_NAME = AppIcon;
				CODE_SIGN_STYLE = Automatic;
				DEVELOPMENT_TEAM = HR33Y5AX25;
				INFOPLIST_FILE = "策略模式demo/Info.plist";
				LD_RUNPATH_SEARCH_PATHS = "$(inherited) @executable_path/Frameworks";
				PRODUCT_BUNDLE_IDENTIFIER = "yyw.----demo";
				PRODUCT_NAME = "$(TARGET_NAME)";
				TARGETED_DEVICE_FAMILY = "1,2";
			};
			name = Release;
		};
/* End XCBuildConfiguration section */

/* Begin XCConfigurationList section */
		CE396AB3205A00B300E4E46A /* Build configuration list for PBXProject "策略模式demo" */ = {
			isa = XCConfigurationList;
			buildConfigurations = (
				CE396ACC205A00B400E4E46A /* Debug */,
				CE396ACD205A00B400E4E46A /* Release */,
			);
			defaultConfigurationIsVisible = 0;
			defaultConfigurationName = Release;
		};
		CE396ACE205A00B400E4E46A /* Build configuration list for PBXNativeTarget "策略模式demo" */ = {
			isa = XCConfigurationList;
			buildConfigurations = (
				CE396ACF205A00B400E4E46A /* Debug */,
				CE396AD0205A00B400E4E46A /* Release */,
			);
			defaultConfigurationIsVisible = 0;
			defaultConfigurationName = Release;
		};
/* End XCConfigurationList section */
	};
	rootObject = CE396AB0205A00B300E4E46A /* Project object */;
}
